
Microsoft Visual Studio Solution File, Format Version 12.00
# Visual Studio 15
VisualStudioVersion = 15.0.27130.2010
MinimumVisualStudioVersion = 10.0.40219.1
Project("{FAE04EC0-301F-11D3-BF4B-00C04F79EFBC}") = "Assignment1", "Assignment1\Assignment1\Assignment1.csproj", "{651569AA-4789-4AAF-A12E-B97760FCF3CD}"
EndProject
Project("{FAE04EC0-301F-11D3-BF4B-00C04F79EFBC}") = "LexicalAnalyzer", "LexicalAnalyzer\LexicalAnalyzer.csproj", "{41A5320F-C903-48FB-B6BF-9743DEA38855}"
EndProject
Global
	GlobalSection(SolutionConfigurationPlatforms) = preSolution
		Debug|Any CPU = Debug|Any CPU
		Release|Any CPU = Release|Any CPU
	EndGlobalSection
	GlobalSection(ProjectConfigurationPlatforms) = postSolution
		{651569AA-4789-4AAF-A12E-B97760FCF3CD}.Debug|Any CPU.ActiveCfg = Debug|Any CPU
		{651569AA-4789-4AAF-A12E-B97760FCF3CD}.Debug|Any CPU.Build.0 = Debug|Any CPU
		{651569AA-4789-4AAF-A12E-B97760FCF3CD}.Release|Any CPU.ActiveCfg = Release|Any CPU
		{651569AA-4789-4AAF-A12E-B97760FCF3CD}.Release|Any CPU.Build.0 = Release|Any CPU
		{41A5320F-C903-48FB-B6BF-9743DEA38855}.Debug|Any CPU.ActiveCfg = Debug|Any CPU
		{41A5320F-C903-48FB-B6BF-9743DEA38855}.Debug|Any CPU.Build.0 = Debug|Any CPU
		{41A5320F-C903-48FB-B6BF-9743DEA38855}.Release|Any CPU.ActiveCfg = Release|Any CPU
		{41A5320F-C903-48FB-B6BF-9743DEA38855}.Release|Any CPU.Build.0 = Release|Any CPU
	EndGlobalSection
	GlobalSection(SolutionProperties) = preSolution
		HideSolutionNode = FALSE
	EndGlobalSection
	GlobalSection(ExtensibilityGlobals) = postSolution
		SolutionGuid = {1BDB4884-C94C-44AE-87C3-A0FC0BFE7B0C}
	EndGlobalSection
EndGlobal
