
Microsoft Visual Studio Solution File, Format Version 12.00
# Visual Studio 15
VisualStudioVersion = 15.0.27130.2010
MinimumVisualStudioVersion = 10.0.40219.1
Project("{FAE04EC0-301F-11D3-BF4B-00C04F79EFBC}") = "LexicalAnalyzer", "LexicalAnalyzer\LexicalAnalyzer.csproj", "{41A5320F-C903-48FB-B6BF-9743DEA38855}"
EndProject
Project("{FAE04EC0-301F-11D3-BF4B-00C04F79EFBC}") = "Tests", "Tests\Tests.csproj", "{88580FED-7BBE-4DD5-AACA-42C5F829D7EF}"
EndProject
Project("{FAE04EC0-301F-11D3-BF4B-00C04F79EFBC}") = "Assignment1", "Assignment1\Assignment1\Assignment1.csproj", "{651569AA-4789-4AAF-A12E-B97760FCF3CD}"
EndProject
Project("{FAE04EC0-301F-11D3-BF4B-00C04F79EFBC}") = "SyntacticAnalyzer", "SyntacticAnalyzer\SyntacticAnalyzer.csproj", "{6CB7D582-9865-4635-95E6-D04B86391E08}"
EndProject
Project("{FAE04EC0-301F-11D3-BF4B-00C04F79EFBC}") = "Assignment2", "Assignment2\Assignment2.csproj", "{340A7117-D083-4FC4-A516-3E702FE04F65}"
EndProject
Project("{FAE04EC0-301F-11D3-BF4B-00C04F79EFBC}") = "ReportGenerator", "ReportGenerator\ReportGenerator.csproj", "{89066BF3-B4D6-4F96-A9BB-A560B3BA6455}"
EndProject
Project("{FAE04EC0-301F-11D3-BF4B-00C04F79EFBC}") = "SemanticalAnalyzer", "SemanticalAnalyzer\SemanticalAnalyzer.csproj", "{58CB6CE0-4075-4752-8EAE-EF88DDC82649}"
EndProject
Project("{FAE04EC0-301F-11D3-BF4B-00C04F79EFBC}") = "Assignment3", "Assignment3\Assignment3.csproj", "{5E23DA12-3968-4A19-A9F6-0E94944C62E6}"
EndProject
Project("{FAE04EC0-301F-11D3-BF4B-00C04F79EFBC}") = "Errors", "Errors\Errors.csproj", "{030675D8-4048-46D5-8250-930979DBE4BA}"
EndProject
Global
	GlobalSection(SolutionConfigurationPlatforms) = preSolution
		Debug|Any CPU = Debug|Any CPU
		Debug|x64 = Debug|x64
		Debug|x86 = Debug|x86
		Release|Any CPU = Release|Any CPU
		Release|x64 = Release|x64
		Release|x86 = Release|x86
	EndGlobalSection
	GlobalSection(ProjectConfigurationPlatforms) = postSolution
		{41A5320F-C903-48FB-B6BF-9743DEA38855}.Debug|Any CPU.ActiveCfg = Debug|Any CPU
		{41A5320F-C903-48FB-B6BF-9743DEA38855}.Debug|Any CPU.Build.0 = Debug|Any CPU
		{41A5320F-C903-48FB-B6BF-9743DEA38855}.Debug|x64.ActiveCfg = Debug|Any CPU
		{41A5320F-C903-48FB-B6BF-9743DEA38855}.Debug|x64.Build.0 = Debug|Any CPU
		{41A5320F-C903-48FB-B6BF-9743DEA38855}.Debug|x86.ActiveCfg = Debug|Any CPU
		{41A5320F-C903-48FB-B6BF-9743DEA38855}.Debug|x86.Build.0 = Debug|Any CPU
		{41A5320F-C903-48FB-B6BF-9743DEA38855}.Release|Any CPU.ActiveCfg = Release|Any CPU
		{41A5320F-C903-48FB-B6BF-9743DEA38855}.Release|Any CPU.Build.0 = Release|Any CPU
		{41A5320F-C903-48FB-B6BF-9743DEA38855}.Release|x64.ActiveCfg = Release|Any CPU
		{41A5320F-C903-48FB-B6BF-9743DEA38855}.Release|x64.Build.0 = Release|Any CPU
		{41A5320F-C903-48FB-B6BF-9743DEA38855}.Release|x86.ActiveCfg = Release|Any CPU
		{41A5320F-C903-48FB-B6BF-9743DEA38855}.Release|x86.Build.0 = Release|Any CPU
		{88580FED-7BBE-4DD5-AACA-42C5F829D7EF}.Debug|Any CPU.ActiveCfg = Debug|Any CPU
		{88580FED-7BBE-4DD5-AACA-42C5F829D7EF}.Debug|Any CPU.Build.0 = Debug|Any CPU
		{88580FED-7BBE-4DD5-AACA-42C5F829D7EF}.Debug|x64.ActiveCfg = Debug|Any CPU
		{88580FED-7BBE-4DD5-AACA-42C5F829D7EF}.Debug|x64.Build.0 = Debug|Any CPU
		{88580FED-7BBE-4DD5-AACA-42C5F829D7EF}.Debug|x86.ActiveCfg = Debug|Any CPU
		{88580FED-7BBE-4DD5-AACA-42C5F829D7EF}.Debug|x86.Build.0 = Debug|Any CPU
		{88580FED-7BBE-4DD5-AACA-42C5F829D7EF}.Release|Any CPU.ActiveCfg = Release|Any CPU
		{88580FED-7BBE-4DD5-AACA-42C5F829D7EF}.Release|Any CPU.Build.0 = Release|Any CPU
		{88580FED-7BBE-4DD5-AACA-42C5F829D7EF}.Release|x64.ActiveCfg = Release|Any CPU
		{88580FED-7BBE-4DD5-AACA-42C5F829D7EF}.Release|x64.Build.0 = Release|Any CPU
		{88580FED-7BBE-4DD5-AACA-42C5F829D7EF}.Release|x86.ActiveCfg = Release|Any CPU
		{88580FED-7BBE-4DD5-AACA-42C5F829D7EF}.Release|x86.Build.0 = Release|Any CPU
		{651569AA-4789-4AAF-A12E-B97760FCF3CD}.Debug|Any CPU.ActiveCfg = Debug|Any CPU
		{651569AA-4789-4AAF-A12E-B97760FCF3CD}.Debug|Any CPU.Build.0 = Debug|Any CPU
		{651569AA-4789-4AAF-A12E-B97760FCF3CD}.Debug|x64.ActiveCfg = Debug|Any CPU
		{651569AA-4789-4AAF-A12E-B97760FCF3CD}.Debug|x64.Build.0 = Debug|Any CPU
		{651569AA-4789-4AAF-A12E-B97760FCF3CD}.Debug|x86.ActiveCfg = Debug|Any CPU
		{651569AA-4789-4AAF-A12E-B97760FCF3CD}.Debug|x86.Build.0 = Debug|Any CPU
		{651569AA-4789-4AAF-A12E-B97760FCF3CD}.Release|Any CPU.ActiveCfg = Release|Any CPU
		{651569AA-4789-4AAF-A12E-B97760FCF3CD}.Release|Any CPU.Build.0 = Release|Any CPU
		{651569AA-4789-4AAF-A12E-B97760FCF3CD}.Release|x64.ActiveCfg = Release|Any CPU
		{651569AA-4789-4AAF-A12E-B97760FCF3CD}.Release|x64.Build.0 = Release|Any CPU
		{651569AA-4789-4AAF-A12E-B97760FCF3CD}.Release|x86.ActiveCfg = Release|Any CPU
		{651569AA-4789-4AAF-A12E-B97760FCF3CD}.Release|x86.Build.0 = Release|Any CPU
		{6CB7D582-9865-4635-95E6-D04B86391E08}.Debug|Any CPU.ActiveCfg = Debug|Any CPU
		{6CB7D582-9865-4635-95E6-D04B86391E08}.Debug|Any CPU.Build.0 = Debug|Any CPU
		{6CB7D582-9865-4635-95E6-D04B86391E08}.Debug|x64.ActiveCfg = Debug|Any CPU
		{6CB7D582-9865-4635-95E6-D04B86391E08}.Debug|x64.Build.0 = Debug|Any CPU
		{6CB7D582-9865-4635-95E6-D04B86391E08}.Debug|x86.ActiveCfg = Debug|Any CPU
		{6CB7D582-9865-4635-95E6-D04B86391E08}.Debug|x86.Build.0 = Debug|Any CPU
		{6CB7D582-9865-4635-95E6-D04B86391E08}.Release|Any CPU.ActiveCfg = Release|Any CPU
		{6CB7D582-9865-4635-95E6-D04B86391E08}.Release|Any CPU.Build.0 = Release|Any CPU
		{6CB7D582-9865-4635-95E6-D04B86391E08}.Release|x64.ActiveCfg = Release|Any CPU
		{6CB7D582-9865-4635-95E6-D04B86391E08}.Release|x64.Build.0 = Release|Any CPU
		{6CB7D582-9865-4635-95E6-D04B86391E08}.Release|x86.ActiveCfg = Release|Any CPU
		{6CB7D582-9865-4635-95E6-D04B86391E08}.Release|x86.Build.0 = Release|Any CPU
		{340A7117-D083-4FC4-A516-3E702FE04F65}.Debug|Any CPU.ActiveCfg = Debug|Any CPU
		{340A7117-D083-4FC4-A516-3E702FE04F65}.Debug|Any CPU.Build.0 = Debug|Any CPU
		{340A7117-D083-4FC4-A516-3E702FE04F65}.Debug|x64.ActiveCfg = Debug|Any CPU
		{340A7117-D083-4FC4-A516-3E702FE04F65}.Debug|x64.Build.0 = Debug|Any CPU
		{340A7117-D083-4FC4-A516-3E702FE04F65}.Debug|x86.ActiveCfg = Debug|Any CPU
		{340A7117-D083-4FC4-A516-3E702FE04F65}.Debug|x86.Build.0 = Debug|Any CPU
		{340A7117-D083-4FC4-A516-3E702FE04F65}.Release|Any CPU.ActiveCfg = Release|Any CPU
		{340A7117-D083-4FC4-A516-3E702FE04F65}.Release|Any CPU.Build.0 = Release|Any CPU
		{340A7117-D083-4FC4-A516-3E702FE04F65}.Release|x64.ActiveCfg = Release|Any CPU
		{340A7117-D083-4FC4-A516-3E702FE04F65}.Release|x64.Build.0 = Release|Any CPU
		{340A7117-D083-4FC4-A516-3E702FE04F65}.Release|x86.ActiveCfg = Release|Any CPU
		{340A7117-D083-4FC4-A516-3E702FE04F65}.Release|x86.Build.0 = Release|Any CPU
		{89066BF3-B4D6-4F96-A9BB-A560B3BA6455}.Debug|Any CPU.ActiveCfg = Debug|Any CPU
		{89066BF3-B4D6-4F96-A9BB-A560B3BA6455}.Debug|Any CPU.Build.0 = Debug|Any CPU
		{89066BF3-B4D6-4F96-A9BB-A560B3BA6455}.Debug|x64.ActiveCfg = Debug|Any CPU
		{89066BF3-B4D6-4F96-A9BB-A560B3BA6455}.Debug|x64.Build.0 = Debug|Any CPU
		{89066BF3-B4D6-4F96-A9BB-A560B3BA6455}.Debug|x86.ActiveCfg = Debug|Any CPU
		{89066BF3-B4D6-4F96-A9BB-A560B3BA6455}.Debug|x86.Build.0 = Debug|Any CPU
		{89066BF3-B4D6-4F96-A9BB-A560B3BA6455}.Release|Any CPU.ActiveCfg = Release|Any CPU
		{89066BF3-B4D6-4F96-A9BB-A560B3BA6455}.Release|Any CPU.Build.0 = Release|Any CPU
		{89066BF3-B4D6-4F96-A9BB-A560B3BA6455}.Release|x64.ActiveCfg = Release|Any CPU
		{89066BF3-B4D6-4F96-A9BB-A560B3BA6455}.Release|x64.Build.0 = Release|Any CPU
		{89066BF3-B4D6-4F96-A9BB-A560B3BA6455}.Release|x86.ActiveCfg = Release|Any CPU
		{89066BF3-B4D6-4F96-A9BB-A560B3BA6455}.Release|x86.Build.0 = Release|Any CPU
		{58CB6CE0-4075-4752-8EAE-EF88DDC82649}.Debug|Any CPU.ActiveCfg = Debug|Any CPU
		{58CB6CE0-4075-4752-8EAE-EF88DDC82649}.Debug|Any CPU.Build.0 = Debug|Any CPU
		{58CB6CE0-4075-4752-8EAE-EF88DDC82649}.Debug|x64.ActiveCfg = Debug|Any CPU
		{58CB6CE0-4075-4752-8EAE-EF88DDC82649}.Debug|x64.Build.0 = Debug|Any CPU
		{58CB6CE0-4075-4752-8EAE-EF88DDC82649}.Debug|x86.ActiveCfg = Debug|Any CPU
		{58CB6CE0-4075-4752-8EAE-EF88DDC82649}.Debug|x86.Build.0 = Debug|Any CPU
		{58CB6CE0-4075-4752-8EAE-EF88DDC82649}.Release|Any CPU.ActiveCfg = Release|Any CPU
		{58CB6CE0-4075-4752-8EAE-EF88DDC82649}.Release|Any CPU.Build.0 = Release|Any CPU
		{58CB6CE0-4075-4752-8EAE-EF88DDC82649}.Release|x64.ActiveCfg = Release|Any CPU
		{58CB6CE0-4075-4752-8EAE-EF88DDC82649}.Release|x64.Build.0 = Release|Any CPU
		{58CB6CE0-4075-4752-8EAE-EF88DDC82649}.Release|x86.ActiveCfg = Release|Any CPU
		{58CB6CE0-4075-4752-8EAE-EF88DDC82649}.Release|x86.Build.0 = Release|Any CPU
		{5E23DA12-3968-4A19-A9F6-0E94944C62E6}.Debug|Any CPU.ActiveCfg = Debug|Any CPU
		{5E23DA12-3968-4A19-A9F6-0E94944C62E6}.Debug|Any CPU.Build.0 = Debug|Any CPU
		{5E23DA12-3968-4A19-A9F6-0E94944C62E6}.Debug|x64.ActiveCfg = Debug|Any CPU
		{5E23DA12-3968-4A19-A9F6-0E94944C62E6}.Debug|x64.Build.0 = Debug|Any CPU
		{5E23DA12-3968-4A19-A9F6-0E94944C62E6}.Debug|x86.ActiveCfg = Debug|Any CPU
		{5E23DA12-3968-4A19-A9F6-0E94944C62E6}.Debug|x86.Build.0 = Debug|Any CPU
		{5E23DA12-3968-4A19-A9F6-0E94944C62E6}.Release|Any CPU.ActiveCfg = Release|Any CPU
		{5E23DA12-3968-4A19-A9F6-0E94944C62E6}.Release|Any CPU.Build.0 = Release|Any CPU
		{5E23DA12-3968-4A19-A9F6-0E94944C62E6}.Release|x64.ActiveCfg = Release|Any CPU
		{5E23DA12-3968-4A19-A9F6-0E94944C62E6}.Release|x64.Build.0 = Release|Any CPU
		{5E23DA12-3968-4A19-A9F6-0E94944C62E6}.Release|x86.ActiveCfg = Release|Any CPU
		{5E23DA12-3968-4A19-A9F6-0E94944C62E6}.Release|x86.Build.0 = Release|Any CPU
		{030675D8-4048-46D5-8250-930979DBE4BA}.Debug|Any CPU.ActiveCfg = Debug|Any CPU
		{030675D8-4048-46D5-8250-930979DBE4BA}.Debug|Any CPU.Build.0 = Debug|Any CPU
		{030675D8-4048-46D5-8250-930979DBE4BA}.Debug|x64.ActiveCfg = Debug|Any CPU
		{030675D8-4048-46D5-8250-930979DBE4BA}.Debug|x64.Build.0 = Debug|Any CPU
		{030675D8-4048-46D5-8250-930979DBE4BA}.Debug|x86.ActiveCfg = Debug|Any CPU
		{030675D8-4048-46D5-8250-930979DBE4BA}.Debug|x86.Build.0 = Debug|Any CPU
		{030675D8-4048-46D5-8250-930979DBE4BA}.Release|Any CPU.ActiveCfg = Release|Any CPU
		{030675D8-4048-46D5-8250-930979DBE4BA}.Release|Any CPU.Build.0 = Release|Any CPU
		{030675D8-4048-46D5-8250-930979DBE4BA}.Release|x64.ActiveCfg = Release|Any CPU
		{030675D8-4048-46D5-8250-930979DBE4BA}.Release|x64.Build.0 = Release|Any CPU
		{030675D8-4048-46D5-8250-930979DBE4BA}.Release|x86.ActiveCfg = Release|Any CPU
		{030675D8-4048-46D5-8250-930979DBE4BA}.Release|x86.Build.0 = Release|Any CPU
	EndGlobalSection
	GlobalSection(SolutionProperties) = preSolution
		HideSolutionNode = FALSE
	EndGlobalSection
	GlobalSection(ExtensibilityGlobals) = postSolution
		SolutionGuid = {54213E3B-CFF0-4684-82D9-C7C583B49F6B}
	EndGlobalSection
EndGlobal
